
Microsoft Visual Studio Solution File, Format Version 12.00
# Visual Studio Version 17
VisualStudioVersion = 17.3.32901.215
MinimumVisualStudioVersion = 10.0.40219.1
Project("{9A19103F-16F7-4668-BE54-9A1E7A4F7556}") = "APPPRACTICAL", "APPPRACTICAL\APPPRACTICAL.csproj", "{1FBDF359-8A2C-41A6-BD38-121DCEC46106}"
EndProject
Global
	GlobalSection(SolutionConfigurationPlatforms) = preSolution
		Debug|Any CPU = Debug|Any CPU
		Release|Any CPU = Release|Any CPU
	EndGlobalSection
	GlobalSection(ProjectConfigurationPlatforms) = postSolution
		{1FBDF359-8A2C-41A6-BD38-121DCEC46106}.Debug|Any CPU.ActiveCfg = Debug|Any CPU
		{1FBDF359-8A2C-41A6-BD38-121DCEC46106}.Debug|Any CPU.Build.0 = Debug|Any CPU
		{1FBDF359-8A2C-41A6-BD38-121DCEC46106}.Release|Any CPU.ActiveCfg = Release|Any CPU
		{1FBDF359-8A2C-41A6-BD38-121DCEC46106}.Release|Any CPU.Build.0 = Release|Any CPU
	EndGlobalSection
	GlobalSection(SolutionProperties) = preSolution
		HideSolutionNode = FALSE
	EndGlobalSection
	GlobalSection(ExtensibilityGlobals) = postSolution
		SolutionGuid = {6464FE11-A024-4B14-A9E9-6480EC110F32}
	EndGlobalSection
EndGlobal
